{
  "name": "underprint-docs",
  "lockfileVersion": 3,
  "requires": true,
  "packages": {
    "": {
      "name": "underprint-docs",
      "devDependencies": {
        "@kineglyph/core": "0.3.0",
        "@kineglyph/svg": "0.3.0"
      }
    },
    "node_modules/@kineglyph/core": {
      "version": "0.3.0",
      "resolved": "https://registry.npmjs.org/@kineglyph/core/-/core-0.3.0.tgz",
      "integrity": "sha512-6Fpqr2OsGTFiT4OLvYVbTdZNxvxM38juUGjlod8qFZtCgABUrxecH3qfxatkSldGIsXLgpXW+PpCIh9I2DeLRQ==",
      "dev": true,
      "license": "MIT",
      "engines": {
        "node": ">=22.12"
      }
    },
    "node_modules/@kineglyph/svg": {
      "version": "0.3.0",
      "resolved": "https://registry.npmjs.org/@kineglyph/svg/-/svg-0.3.0.tgz",
      "integrity": "sha512-VvWl3/c2/nnzfNNre8LJ2Eq2Zp57PLqGsXCc2tuOFkM+bh30G78xstWLpWbtMJAM6PGCBargUgt6rXmUTg8kpg==",
      "dev": true,
      "license": "MIT",
      "dependencies": {
        "@kineglyph/core": "^0.3.0"
      },
      "engines": {
        "node": ">=22.12"
      }
    }
  }
}
